// !$*UTF8*$!
{
	archiveVersion = 1;
	classes = {
	};
	objectVersion = 50;
	objects = {

/* Begin PBXBuildFile section */
		ADB1EC6C21032BF100788DE8 /* AppDelegate.swift in Sources */ = {isa = PBXBuildFile; fileRef = ADB1EC6B21032BF100788DE8 /* AppDelegate.swift */; };
		ADB1EC6E21032BF100788DE8 /* ViewController.swift in Sources */ = {isa = PBXBuildFile; fileRef = ADB1EC6D21032BF100788DE8 /* ViewController.swift */; };
		ADB1EC7121032BF100788DE8 /* Main.storyboard in Resources */ = {isa = PBXBuildFile; fileRef = ADB1EC6F21032BF100788DE8 /* Main.storyboard */; };
		ADB1EC7321032BF200788DE8 /* Assets.xcassets in Resources */ = {isa = PBXBuildFile; fileRef = ADB1EC7221032BF200788DE8 /* Assets.xcassets */; };
		ADB1EC7621032BF200788DE8 /* LaunchScreen.storyboard in Resources */ = {isa = PBXBuildFile; fileRef = ADB1EC7421032BF200788DE8 /* LaunchScreen.storyboard */; };
		ADB1EC8121032BF200788DE8 /* swiftlecture02Tests.swift in Sources */ = {isa = PBXBuildFile; fileRef = ADB1EC8021032BF200788DE8 /* swiftlecture02Tests.swift */; };
		ADB1EC8C21032BF200788DE8 /* swiftlecture02UITests.swift in Sources */ = {isa = PBXBuildFile; fileRef = ADB1EC8B21032BF200788DE8 /* swiftlecture02UITests.swift */; };
/* End PBXBuildFile section */

/* Begin PBXContainerItemProxy section */
		ADB1EC7D21032BF200788DE8 /* PBXContainerItemProxy */ = {
			isa = PBXContainerItemProxy;
			containerPortal = ADB1EC6021032BF100788DE8 /* Project object */;
			proxyType = 1;
			remoteGlobalIDString = ADB1EC6721032BF100788DE8;
			remoteInfo = swiftlecture02;
		};
		ADB1EC8821032BF200788DE8 /* PBXContainerItemProxy */ = {
			isa = PBXContainerItemProxy;
			containerPortal = ADB1EC6021032BF100788DE8 /* Project object */;
			proxyType = 1;
			remoteGlobalIDString = ADB1EC6721032BF100788DE8;
			remoteInfo = swiftlecture02;
		};
/* End PBXContainerItemProxy section */

/* Begin PBXFileReference section */
		ADB1EC6821032BF100788DE8 /* swiftlecture02.app */ = {isa = PBXFileReference; explicitFileType = wrapper.application; includeInIndex = 0; path = swiftlecture02.app; sourceTree = BUILT_PRODUCTS_DIR; };
		ADB1EC6B21032BF100788DE8 /* AppDelegate.swift */ = {isa = PBXFileReference; lastKnownFileType = sourcecode.swift; path = AppDelegate.swift; sourceTree = "<group>"; };
		ADB1EC6D21032BF100788DE8 /* ViewController.swift */ = {isa = PBXFileReference; lastKnownFileType = sourcecode.swift; path = ViewController.swift; sourceTree = "<group>"; };
		ADB1EC7021032BF100788DE8 /* Base */ = {isa = PBXFileReference; lastKnownFileType = file.storyboard; name = Base; path = Base.lproj/Main.storyboard; sourceTree = "<group>"; };
		ADB1EC7221032BF200788DE8 /* Assets.xcassets */ = {isa = PBXFileReference; lastKnownFileType = folder.assetcatalog; path = Assets.xcassets; sourceTree = "<group>"; };
		ADB1EC7521032BF200788DE8 /* Base */ = {isa = PBXFileReference; lastKnownFileType = file.storyboard; name = Base; path = Base.lproj/LaunchScreen.storyboard; sourceTree = "<group>"; };
		ADB1EC7721032BF200788DE8 /* Info.plist */ = {isa = PBXFileReference; lastKnownFileType = text.plist.xml; path = Info.plist; sourceTree = "<group>"; };
		ADB1EC7C21032BF200788DE8 /* swiftlecture02Tests.xctest */ = {isa = PBXFileReference; explicitFileType = wrapper.cfbundle; includeInIndex = 0; path = swiftlecture02Tests.xctest; sourceTree = BUILT_PRODUCTS_DIR; };
		ADB1EC8021032BF200788DE8 /* swiftlecture02Tests.swift */ = {isa = PBXFileReference; lastKnownFileType = sourcecode.swift; path = swiftlecture02Tests.swift; sourceTree = "<group>"; };
		ADB1EC8221032BF200788DE8 /* Info.plist */ = {isa = PBXFileReference; lastKnownFileType = text.plist.xml; path = Info.plist; sourceTree = "<group>"; };
		ADB1EC8721032BF200788DE8 /* swiftlecture02UITests.xctest */ = {isa = PBXFileReference; explicitFileType = wrapper.cfbundle; includeInIndex = 0; path = swiftlecture02UITests.xctest; sourceTree = BUILT_PRODUCTS_DIR; };
		ADB1EC8B21032BF200788DE8 /* swiftlecture02UITests.swift */ = {isa = PBXFileReference; lastKnownFileType = sourcecode.swift; path = swiftlecture02UITests.swift; sourceTree = "<group>"; };
		ADB1EC8D21032BF200788DE8 /* Info.plist */ = {isa = PBXFileReference; lastKnownFileType = text.plist.xml; path = Info.plist; sourceTree = "<group>"; };
/* End PBXFileReference section */

/* Begin PBXFrameworksBuildPhase section */
		ADB1EC6521032BF100788DE8 /* Frameworks */ = {
			isa = PBXFrameworksBuildPhase;
			buildActionMask = 2147483647;
			files = (
			);
			runOnlyForDeploymentPostprocessing = 0;
		};
		ADB1EC7921032BF200788DE8 /* Frameworks */ = {
			isa = PBXFrameworksBuildPhase;
			buildActionMask = 2147483647;
			files = (
			);
			runOnlyForDeploymentPostprocessing = 0;
		};
		ADB1EC8421032BF200788DE8 /* Frameworks */ = {
			isa = PBXFrameworksBuildPhase;
			buildActionMask = 2147483647;
			files = (
			);
			runOnlyForDeploymentPostprocessing = 0;
		};
/* End PBXFrameworksBuildPhase section */

/* Begin PBXGroup section */
		ADB1EC5F21032BF100788DE8 = {
			isa = PBXGroup;
			children = (
				ADB1EC6A21032BF100788DE8 /* swiftlecture02 */,
				ADB1EC7F21032BF200788DE8 /* swiftlecture02Tests */,
				ADB1EC8A21032BF200788DE8 /* swiftlecture02UITests */,
				ADB1EC6921032BF100788DE8 /* Products */,
			);
			sourceTree = "<group>";
		};
		ADB1EC6921032BF100788DE8 /* Products */ = {
			isa = PBXGroup;
			children = (
				ADB1EC6821032BF100788DE8 /* swiftlecture02.app */,
				ADB1EC7C21032BF200788DE8 /* swiftlecture02Tests.xctest */,
				ADB1EC8721032BF200788DE8 /* swiftlecture02UITests.xctest */,
			);
			name = Products;
			sourceTree = "<group>";
		};
		ADB1EC6A21032BF100788DE8 /* swiftlecture02 */ = {
			isa = PBXGroup;
			children = (
				ADB1EC6B21032BF100788DE8 /* AppDelegate.swift */,
				ADB1EC6D21032BF100788DE8 /* ViewController.swift */,
				ADB1EC6F21032BF100788DE8 /* Main.storyboard */,
				ADB1EC7221032BF200788DE8 /* Assets.xcassets */,
				ADB1EC7421032BF200788DE8 /* LaunchScreen.storyboard */,
				ADB1EC7721032BF200788DE8 /* Info.plist */,
			);
			path = swiftlecture02;
			sourceTree = "<group>";
		};
		ADB1EC7F21032BF200788DE8 /* swiftlecture02Tests */ = {
			isa = PBXGroup;
			children = (
				ADB1EC8021032BF200788DE8 /* swiftlecture02Tests.swift */,
				ADB1EC8221032BF200788DE8 /* Info.plist */,
			);
			path = swiftlecture02Tests;
			sourceTree = "<group>";
		};
		ADB1EC8A21032BF200788DE8 /* swiftlecture02UITests */ = {
			isa = PBXGroup;
			children = (
				ADB1EC8B21032BF200788DE8 /* swiftlecture02UITests.swift */,
				ADB1EC8D21032BF200788DE8 /* Info.plist */,
			);
			path = swiftlecture02UITests;
			sourceTree = "<group>";
		};
/* End PBXGroup section */

/* Begin PBXNativeTarget section */
		ADB1EC6721032BF100788DE8 /* swiftlecture02 */ = {
			isa = PBXNativeTarget;
			buildConfigurationList = ADB1EC9021032BF200788DE8 /* Build configuration list for PBXNativeTarget "swiftlecture02" */;
			buildPhases = (
				ADB1EC6421032BF100788DE8 /* Sources */,
				ADB1EC6521032BF100788DE8 /* Frameworks */,
				ADB1EC6621032BF100788DE8 /* Resources */,
			);
			buildRules = (
			);
			dependencies = (
			);
			name = swiftlecture02;
			productName = swiftlecture02;
			productReference = ADB1EC6821032BF100788DE8 /* swiftlecture02.app */;
			productType = "com.apple.product-type.application";
		};
		ADB1EC7B21032BF200788DE8 /* swiftlecture02Tests */ = {
			isa = PBXNativeTarget;
			buildConfigurationList = ADB1EC9321032BF200788DE8 /* Build configuration list for PBXNativeTarget "swiftlecture02Tests" */;
			buildPhases = (
				ADB1EC7821032BF200788DE8 /* Sources */,
				ADB1EC7921032BF200788DE8 /* Frameworks */,
				ADB1EC7A21032BF200788DE8 /* Resources */,
			);
			buildRules = (
			);
			dependencies = (
				ADB1EC7E21032BF200788DE8 /* PBXTargetDependency */,
			);
			name = swiftlecture02Tests;
			productName = swiftlecture02Tests;
			productReference = ADB1EC7C21032BF200788DE8 /* swiftlecture02Tests.xctest */;
			productType = "com.apple.product-type.bundle.unit-test";
		};
		ADB1EC8621032BF200788DE8 /* swiftlecture02UITests */ = {
			isa = PBXNativeTarget;
			buildConfigurationList = ADB1EC9621032BF200788DE8 /* Build configuration list for PBXNativeTarget "swiftlecture02UITests" */;
			buildPhases = (
				ADB1EC8321032BF200788DE8 /* Sources */,
				ADB1EC8421032BF200788DE8 /* Frameworks */,
				ADB1EC8521032BF200788DE8 /* Resources */,
			);
			buildRules = (
			);
			dependencies = (
				ADB1EC8921032BF200788DE8 /* PBXTargetDependency */,
			);
			name = swiftlecture02UITests;
			productName = swiftlecture02UITests;
			productReference = ADB1EC8721032BF200788DE8 /* swiftlecture02UITests.xctest */;
			productType = "com.apple.product-type.bundle.ui-testing";
		};
/* End PBXNativeTarget section */

/* Begin PBXProject section */
		ADB1EC6021032BF100788DE8 /* Project object */ = {
			isa = PBXProject;
			attributes = {
				LastSwiftUpdateCheck = 0940;
				LastUpgradeCheck = 0940;
				ORGANIZATIONNAME = stu1;
				TargetAttributes = {
					ADB1EC6721032BF100788DE8 = {
						CreatedOnToolsVersion = 9.4;
					};
					ADB1EC7B21032BF200788DE8 = {
						CreatedOnToolsVersion = 9.4;
						TestTargetID = ADB1EC6721032BF100788DE8;
					};
					ADB1EC8621032BF200788DE8 = {
						CreatedOnToolsVersion = 9.4;
						TestTargetID = ADB1EC6721032BF100788DE8;
					};
				};
			};
			buildConfigurationList = ADB1EC6321032BF100788DE8 /* Build configuration list for PBXProject "swiftlecture02" */;
			compatibilityVersion = "Xcode 9.3";
			developmentRegion = en;
			hasScannedForEncodings = 0;
			knownRegions = (
				en,
				Base,
			);
			mainGroup = ADB1EC5F21032BF100788DE8;
			productRefGroup = ADB1EC6921032BF100788DE8 /* Products */;
			projectDirPath = "";
			projectRoot = "";
			targets = (
				ADB1EC6721032BF100788DE8 /* swiftlecture02 */,
				ADB1EC7B21032BF200788DE8 /* swiftlecture02Tests */,
				ADB1EC8621032BF200788DE8 /* swiftlecture02UITests */,
			);
		};
/* End PBXProject section */

/* Begin PBXResourcesBuildPhase section */
		ADB1EC6621032BF100788DE8 /* Resources */ = {
			isa = PBXResourcesBuildPhase;
			buildActionMask = 2147483647;
			files = (
				ADB1EC7621032BF200788DE8 /* LaunchScreen.storyboard in Resources */,
				ADB1EC7321032BF200788DE8 /* Assets.xcassets in Resources */,
				ADB1EC7121032BF100788DE8 /* Main.storyboard in Resources */,
			);
			runOnlyForDeploymentPostprocessing = 0;
		};
		ADB1EC7A21032BF200788DE8 /* Resources */ = {
			isa = PBXResourcesBuildPhase;
			buildActionMask = 2147483647;
			files = (
			);
			runOnlyForDeploymentPostprocessing = 0;
		};
		ADB1EC8521032BF200788DE8 /* Resources */ = {
			isa = PBXResourcesBuildPhase;
			buildActionMask = 2147483647;
			files = (
			);
			runOnlyForDeploymentPostprocessing = 0;
		};
/* End PBXResourcesBuildPhase section */

/* Begin PBXSourcesBuildPhase section */
		ADB1EC6421032BF100788DE8 /* Sources */ = {
			isa = PBXSourcesBuildPhase;
			buildActionMask = 2147483647;
			files = (
				ADB1EC6E21032BF100788DE8 /* ViewController.swift in Sources */,
				ADB1EC6C21032BF100788DE8 /* AppDelegate.swift in Sources */,
			);
			runOnlyForDeploymentPostprocessing = 0;
		};
		ADB1EC7821032BF200788DE8 /* Sources */ = {
			isa = PBXSourcesBuildPhase;
			buildActionMask = 2147483647;
			files = (
				ADB1EC8121032BF200788DE8 /* swiftlecture02Tests.swift in Sources */,
			);
			runOnlyForDeploymentPostprocessing = 0;
		};
		ADB1EC8321032BF200788DE8 /* Sources */ = {
			isa = PBXSourcesBuildPhase;
			buildActionMask = 2147483647;
			files = (
				ADB1EC8C21032BF200788DE8 /* swiftlecture02UITests.swift in Sources */,
			);
			runOnlyForDeploymentPostprocessing = 0;
		};
/* End PBXSourcesBuildPhase section */

/* Begin PBXTargetDependency section */
		ADB1EC7E21032BF200788DE8 /* PBXTargetDependency */ = {
			isa = PBXTargetDependency;
			target = ADB1EC6721032BF100788DE8 /* swiftlecture02 */;
			targetProxy = ADB1EC7D21032BF200788DE8 /* PBXContainerItemProxy */;
		};
		ADB1EC8921032BF200788DE8 /* PBXTargetDependency */ = {
			isa = PBXTargetDependency;
			target = ADB1EC6721032BF100788DE8 /* swiftlecture02 */;
			targetProxy = ADB1EC8821032BF200788DE8 /* PBXContainerItemProxy */;
		};
/* End PBXTargetDependency section */

/* Begin PBXVariantGroup section */
		ADB1EC6F21032BF100788DE8 /* Main.storyboard */ = {
			isa = PBXVariantGroup;
			children = (
				ADB1EC7021032BF100788DE8 /* Base */,
			);
			name = Main.storyboard;
			sourceTree = "<group>";
		};
		ADB1EC7421032BF200788DE8 /* LaunchScreen.storyboard */ = {
			isa = PBXVariantGroup;
			children = (
				ADB1EC7521032BF200788DE8 /* Base */,
			);
			name = LaunchScreen.storyboard;
			sourceTree = "<group>";
		};
/* End PBXVariantGroup section */

/* Begin XCBuildConfiguration section */
		ADB1EC8E21032BF200788DE8 /* Debug */ = {
			isa = XCBuildConfiguration;
			buildSettings = {
				ALWAYS_SEARCH_USER_PATHS = NO;
				CLANG_ANALYZER_NONNULL = YES;
				CLANG_ANALYZER_NUMBER_OBJECT_CONVERSION = YES_AGGRESSIVE;
				CLANG_CXX_LANGUAGE_STANDARD = "gnu++14";
				CLANG_CXX_LIBRARY = "libc++";
				CLANG_ENABLE_MODULES = YES;
				CLANG_ENABLE_OBJC_ARC = YES;
				CLANG_ENABLE_OBJC_WEAK = YES;
				CLANG_WARN_BLOCK_CAPTURE_AUTORELEASING = YES;
				CLANG_WARN_BOOL_CONVERSION = YES;
				CLANG_WARN_COMMA = YES;
				CLANG_WARN_CONSTANT_CONVERSION = YES;
				CLANG_WARN_DEPRECATED_OBJC_IMPLEMENTATIONS = YES;
				CLANG_WARN_DIRECT_OBJC_ISA_USAGE = YES_ERROR;
				CLANG_WARN_DOCUMENTATION_COMMENTS = YES;
				CLANG_WARN_EMPTY_BODY = YES;
				CLANG_WARN_ENUM_CONVERSION = YES;
				CLANG_WARN_INFINITE_RECURSION = YES;
				CLANG_WARN_INT_CONVERSION = YES;
				CLANG_WARN_NON_LITERAL_NULL_CONVERSION = YES;
				CLANG_WARN_OBJC_IMPLICIT_RETAIN_SELF = YES;
				CLANG_WARN_OBJC_LITERAL_CONVERSION = YES;
				CLANG_WARN_OBJC_ROOT_CLASS = YES_ERROR;
				CLANG_WARN_RANGE_LOOP_ANALYSIS = YES;
				CLANG_WARN_STRICT_PROTOTYPES = YES;
				CLANG_WARN_SUSPICIOUS_MOVE = YES;
				CLANG_WARN_UNGUARDED_AVAILABILITY = YES_AGGRESSIVE;
				CLANG_WARN_UNREACHABLE_CODE = YES;
				CLANG_WARN__DUPLICATE_METHOD_MATCH = YES;
				CODE_SIGN_IDENTITY = "iPhone Developer";
				COPY_PHASE_STRIP = NO;
				DEBUG_INFORMATION_FORMAT = dwarf;
				ENABLE_STRICT_OBJC_MSGSEND = YES;
				ENABLE_TESTABILITY = YES;
				GCC_C_LANGUAGE_STANDARD = gnu11;
				GCC_DYNAMIC_NO_PIC = NO;
				GCC_NO_COMMON_BLOCKS = YES;
				GCC_OPTIMIZATION_LEVEL = 0;
				GCC_PREPROCESSOR_DEFINITIONS = (
					"DEBUG=1",
					"$(inherited)",
				);
				GCC_WARN_64_TO_32_BIT_CONVERSION = YES;
				GCC_WARN_ABOUT_RETURN_TYPE = YES_ERROR;
				GCC_WARN_UNDECLARED_SELECTOR = YES;
				GCC_WARN_UNINITIALIZED_AUTOS = YES_AGGRESSIVE;
				GCC_WARN_UNUSED_FUNCTION = YES;
				GCC_WARN_UNUSED_VARIABLE = YES;
				IPHONEOS_DEPLOYMENT_TARGET = 11.4;
				MTL_ENABLE_DEBUG_INFO = YES;
				ONLY_ACTIVE_ARCH = YES;
				SDKROOT = iphoneos;
				SWIFT_ACTIVE_COMPILATION_CONDITIONS = DEBUG;
				SWIFT_OPTIMIZATION_LEVEL = "-Onone";
			};
			name = Debug;
		};
		ADB1EC8F21032BF200788DE8 /* Release */ = {
			isa = XCBuildConfiguration;
			buildSettings = {
				ALWAYS_SEARCH_USER_PATHS = NO;
				CLANG_ANALYZER_NONNULL = YES;
				CLANG_ANALYZER_NUMBER_OBJECT_CONVERSION = YES_AGGRESSIVE;
				CLANG_CXX_LANGUAGE_STANDARD = "gnu++14";
				CLANG_CXX_LIBRARY = "libc++";
				CLANG_ENABLE_MODULES = YES;
				CLANG_ENABLE_OBJC_ARC = YES;
				CLANG_ENABLE_OBJC_WEAK = YES;
				CLANG_WARN_BLOCK_CAPTURE_AUTORELEASING = YES;
				CLANG_WARN_BOOL_CONVERSION = YES;
				CLANG_WARN_COMMA = YES;
				CLANG_WARN_CONSTANT_CONVERSION = YES;
				CLANG_WARN_DEPRECATED_OBJC_IMPLEMENTATIONS = YES;
				CLANG_WARN_DIRECT_OBJC_ISA_USAGE = YES_ERROR;
				CLANG_WARN_DOCUMENTATION_COMMENTS = YES;
				CLANG_WARN_EMPTY_BODY = YES;
				CLANG_WARN_ENUM_CONVERSION = YES;
				CLANG_WARN_INFINITE_RECURSION = YES;
				CLANG_WARN_INT_CONVERSION = YES;
				CLANG_WARN_NON_LITERAL_NULL_CONVERSION = YES;
				CLANG_WARN_OBJC_IMPLICIT_RETAIN_SELF = YES;
				CLANG_WARN_OBJC_LITERAL_CONVERSION = YES;
				CLANG_WARN_OBJC_ROOT_CLASS = YES_ERROR;
				CLANG_WARN_RANGE_LOOP_ANALYSIS = YES;
				CLANG_WARN_STRICT_PROTOTYPES = YES;
				CLANG_WARN_SUSPICIOUS_MOVE = YES;
				CLANG_WARN_UNGUARDED_AVAILABILITY = YES_AGGRESSIVE;
				CLANG_WARN_UNREACHABLE_CODE = YES;
				CLANG_WARN__DUPLICATE_METHOD_MATCH = YES;
				CODE_SIGN_IDENTITY = "iPhone Developer";
				COPY_PHASE_STRIP = NO;
				DEBUG_INFORMATION_FORMAT = "dwarf-with-dsym";
				ENABLE_NS_ASSERTIONS = NO;
				ENABLE_STRICT_OBJC_MSGSEND = YES;
				GCC_C_LANGUAGE_STANDARD = gnu11;
				GCC_NO_COMMON_BLOCKS = YES;
				GCC_WARN_64_TO_32_BIT_CONVERSION = YES;
				GCC_WARN_ABOUT_RETURN_TYPE = YES_ERROR;
				GCC_WARN_UNDECLARED_SELECTOR = YES;
				GCC_WARN_UNINITIALIZED_AUTOS = YES_AGGRESSIVE;
				GCC_WARN_UNUSED_FUNCTION = YES;
				GCC_WARN_UNUSED_VARIABLE = YES;
				IPHONEOS_DEPLOYMENT_TARGET = 11.4;
				MTL_ENABLE_DEBUG_INFO = NO;
				SDKROOT = iphoneos;
				SWIFT_COMPILATION_MODE = wholemodule;
				SWIFT_OPTIMIZATION_LEVEL = "-O";
				VALIDATE_PRODUCT = YES;
			};
			name = Release;
		};
		ADB1EC9121032BF200788DE8 /* Debug */ = {
			isa = XCBuildConfiguration;
			buildSettings = {
				ASSETCATALOG_COMPILER_APPICON_NAME = AppIcon;
				CODE_SIGN_STYLE = Automatic;
				DEVELOPMENT_TEAM = 8M9LQ23F2X;
				INFOPLIST_FILE = swiftlecture02/Info.plist;
				LD_RUNPATH_SEARCH_PATHS = (
					"$(inherited)",
					"@executable_path/Frameworks",
				);
				PRODUCT_BUNDLE_IDENTIFIER = aa.swiftlecture02;
				PRODUCT_NAME = "$(TARGET_NAME)";
				SWIFT_VERSION = 4.0;
				TARGETED_DEVICE_FAMILY = "1,2";
			};
			name = Debug;
		};
		ADB1EC9221032BF200788DE8 /* Release */ = {
			isa = XCBuildConfiguration;
			buildSettings = {
				ASSETCATALOG_COMPILER_APPICON_NAME = AppIcon;
				CODE_SIGN_STYLE = Automatic;
				DEVELOPMENT_TEAM = 8M9LQ23F2X;
				INFOPLIST_FILE = swiftlecture02/Info.plist;
				LD_RUNPATH_SEARCH_PATHS = (
					"$(inherited)",
					"@executable_path/Frameworks",
				);
				PRODUCT_BUNDLE_IDENTIFIER = aa.swiftlecture02;
				PRODUCT_NAME = "$(TARGET_NAME)";
				SWIFT_VERSION = 4.0;
				TARGETED_DEVICE_FAMILY = "1,2";
			};
			name = Release;
		};
		ADB1EC9421032BF200788DE8 /* Debug */ = {
			isa = XCBuildConfiguration;
			buildSettings = {
				ALWAYS_EMBED_SWIFT_STANDARD_LIBRARIES = YES;
				BUNDLE_LOADER = "$(TEST_HOST)";
				CODE_SIGN_STYLE = Automatic;
				DEVELOPMENT_TEAM = 8M9LQ23F2X;
				INFOPLIST_FILE = swiftlecture02Tests/Info.plist;
				LD_RUNPATH_SEARCH_PATHS = (
					"$(inherited)",
					"@executable_path/Frameworks",
					"@loader_path/Frameworks",
				);
				PRODUCT_BUNDLE_IDENTIFIER = aa.swiftlecture02Tests;
				PRODUCT_NAME = "$(TARGET_NAME)";
				SWIFT_VERSION = 4.0;
				TARGETED_DEVICE_FAMILY = "1,2";
				TEST_HOST = "$(BUILT_PRODUCTS_DIR)/swiftlecture02.app/swiftlecture02";
			};
			name = Debug;
		};
		ADB1EC9521032BF200788DE8 /* Release */ = {
			isa = XCBuildConfiguration;
			buildSettings = {
				ALWAYS_EMBED_SWIFT_STANDARD_LIBRARIES = YES;
				BUNDLE_LOADER = "$(TEST_HOST)";
				CODE_SIGN_STYLE = Automatic;
				DEVELOPMENT_TEAM = 8M9LQ23F2X;
				INFOPLIST_FILE = swiftlecture02Tests/Info.plist;
				LD_RUNPATH_SEARCH_PATHS = (
					"$(inherited)",
					"@executable_path/Frameworks",
					"@loader_path/Frameworks",
				);
				PRODUCT_BUNDLE_IDENTIFIER = aa.swiftlecture02Tests;
				PRODUCT_NAME = "$(TARGET_NAME)";
				SWIFT_VERSION = 4.0;
				TARGETED_DEVICE_FAMILY = "1,2";
				TEST_HOST = "$(BUILT_PRODUCTS_DIR)/swiftlecture02.app/swiftlecture02";
			};
			name = Release;
		};
		ADB1EC9721032BF200788DE8 /* Debug */ = {
			isa = XCBuildConfiguration;
			buildSettings = {
				ALWAYS_EMBED_SWIFT_STANDARD_LIBRARIES = YES;
				CODE_SIGN_STYLE = Automatic;
				DEVELOPMENT_TEAM = 8M9LQ23F2X;
				INFOPLIST_FILE = swiftlecture02UITests/Info.plist;
				LD_RUNPATH_SEARCH_PATHS = (
					"$(inherited)",
					"@executable_path/Frameworks",
					"@loader_path/Frameworks",
				);
				PRODUCT_BUNDLE_IDENTIFIER = aa.swiftlecture02UITests;
				PRODUCT_NAME = "$(TARGET_NAME)";
				SWIFT_VERSION = 4.0;
				TARGETED_DEVICE_FAMILY = "1,2";
				TEST_TARGET_NAME = swiftlecture02;
			};
			name = Debug;
		};
		ADB1EC9821032BF200788DE8 /* Release */ = {
			isa = XCBuildConfiguration;
			buildSettings = {
				ALWAYS_EMBED_SWIFT_STANDARD_LIBRARIES = YES;
				CODE_SIGN_STYLE = Automatic;
				DEVELOPMENT_TEAM = 8M9LQ23F2X;
				INFOPLIST_FILE = swiftlecture02UITests/Info.plist;
				LD_RUNPATH_SEARCH_PATHS = (
					"$(inherited)",
					"@executable_path/Frameworks",
					"@loader_path/Frameworks",
				);
				PRODUCT_BUNDLE_IDENTIFIER = aa.swiftlecture02UITests;
				PRODUCT_NAME = "$(TARGET_NAME)";
				SWIFT_VERSION = 4.0;
				TARGETED_DEVICE_FAMILY = "1,2";
				TEST_TARGET_NAME = swiftlecture02;
			};
			name = Release;
		};
/* End XCBuildConfiguration section */

/* Begin XCConfigurationList section */
		ADB1EC6321032BF100788DE8 /* Build configuration list for PBXProject "swiftlecture02" */ = {
			isa = XCConfigurationList;
			buildConfigurations = (
				ADB1EC8E21032BF200788DE8 /* Debug */,
				ADB1EC8F21032BF200788DE8 /* Release */,
			);
			defaultConfigurationIsVisible = 0;
			defaultConfigurationName = Release;
		};
		ADB1EC9021032BF200788DE8 /* Build configuration list for PBXNativeTarget "swiftlecture02" */ = {
			isa = XCConfigurationList;
			buildConfigurations = (
				ADB1EC9121032BF200788DE8 /* Debug */,
				ADB1EC9221032BF200788DE8 /* Release */,
			);
			defaultConfigurationIsVisible = 0;
			defaultConfigurationName = Release;
		};
		ADB1EC9321032BF200788DE8 /* Build configuration list for PBXNativeTarget "swiftlecture02Tests" */ = {
			isa = XCConfigurationList;
			buildConfigurations = (
				ADB1EC9421032BF200788DE8 /* Debug */,
				ADB1EC9521032BF200788DE8 /* Release */,
			);
			defaultConfigurationIsVisible = 0;
			defaultConfigurationName = Release;
		};
		ADB1EC9621032BF200788DE8 /* Build configuration list for PBXNativeTarget "swiftlecture02UITests" */ = {
			isa = XCConfigurationList;
			buildConfigurations = (
				ADB1EC9721032BF200788DE8 /* Debug */,
				ADB1EC9821032BF200788DE8 /* Release */,
			);
			defaultConfigurationIsVisible = 0;
			defaultConfigurationName = Release;
		};
/* End XCConfigurationList section */
	};
	rootObject = ADB1EC6021032BF100788DE8 /* Project object */;
}
